
Microsoft Visual Studio Solution File, Format Version 12.00
# Visual Studio Version 17
VisualStudioVersion = 17.0.31903.59
MinimumVisualStudioVersion = 10.0.40219.1
Project("{FAE04EC0-301F-11D3-BF4B-00C04F79EFBC}") = "SolarCoffee.Data", "SolarCoffee.Data\SolarCoffee.Data.csproj", "{E63DC8EE-295D-4930-8875-1E624E271875}"
EndProject
Project("{FAE04EC0-301F-11D3-BF4B-00C04F79EFBC}") = "SolarCoffee.Services", "SolarCoffee.Services\SolarCoffee.Services.csproj", "{BB90DC98-DDD3-4199-8603-F0B8FE1C0189}"
EndProject
Project("{FAE04EC0-301F-11D3-BF4B-00C04F79EFBC}") = "SolarCoffee.Test", "SolarCoffee.Test\SolarCoffee.Test.csproj", "{EFDBB37E-4002-434D-A5E3-A6209EC59E93}"
EndProject
Project("{FAE04EC0-301F-11D3-BF4B-00C04F79EFBC}") = "SolarCoffee.Web", "SolarCoffee.Web\SolarCoffee.Web.csproj", "{44331AD3-6375-4503-BBB5-9DF41FD37425}"
EndProject
Global
	GlobalSection(SolutionConfigurationPlatforms) = preSolution
		Debug|Any CPU = Debug|Any CPU
		Release|Any CPU = Release|Any CPU
	EndGlobalSection
	GlobalSection(SolutionProperties) = preSolution
		HideSolutionNode = FALSE
	EndGlobalSection
	GlobalSection(ProjectConfigurationPlatforms) = postSolution
		{E63DC8EE-295D-4930-8875-1E624E271875}.Debug|Any CPU.ActiveCfg = Debug|Any CPU
		{E63DC8EE-295D-4930-8875-1E624E271875}.Debug|Any CPU.Build.0 = Debug|Any CPU
		{E63DC8EE-295D-4930-8875-1E624E271875}.Release|Any CPU.ActiveCfg = Release|Any CPU
		{E63DC8EE-295D-4930-8875-1E624E271875}.Release|Any CPU.Build.0 = Release|Any CPU
		{BB90DC98-DDD3-4199-8603-F0B8FE1C0189}.Debug|Any CPU.ActiveCfg = Debug|Any CPU
		{BB90DC98-DDD3-4199-8603-F0B8FE1C0189}.Debug|Any CPU.Build.0 = Debug|Any CPU
		{BB90DC98-DDD3-4199-8603-F0B8FE1C0189}.Release|Any CPU.ActiveCfg = Release|Any CPU
		{BB90DC98-DDD3-4199-8603-F0B8FE1C0189}.Release|Any CPU.Build.0 = Release|Any CPU
		{EFDBB37E-4002-434D-A5E3-A6209EC59E93}.Debug|Any CPU.ActiveCfg = Debug|Any CPU
		{EFDBB37E-4002-434D-A5E3-A6209EC59E93}.Debug|Any CPU.Build.0 = Debug|Any CPU
		{EFDBB37E-4002-434D-A5E3-A6209EC59E93}.Release|Any CPU.ActiveCfg = Release|Any CPU
		{EFDBB37E-4002-434D-A5E3-A6209EC59E93}.Release|Any CPU.Build.0 = Release|Any CPU
		{44331AD3-6375-4503-BBB5-9DF41FD37425}.Debug|Any CPU.ActiveCfg = Debug|Any CPU
		{44331AD3-6375-4503-BBB5-9DF41FD37425}.Debug|Any CPU.Build.0 = Debug|Any CPU
		{44331AD3-6375-4503-BBB5-9DF41FD37425}.Release|Any CPU.ActiveCfg = Release|Any CPU
		{44331AD3-6375-4503-BBB5-9DF41FD37425}.Release|Any CPU.Build.0 = Release|Any CPU
	EndGlobalSection
EndGlobal
